
Microsoft Visual Studio Solution File, Format Version 12.00
Project("{FAE04EC0-301F-11D3-BF4B-00C04F79EFBC}") = "TestTask7", "TestTask7\TestTask7.csproj", "{52B96948-23EF-4CFE-98FA-0441D8957695}"
EndProject
Global
	GlobalSection(SolutionConfigurationPlatforms) = preSolution
		Debug|Any CPU = Debug|Any CPU
		Release|Any CPU = Release|Any CPU
	EndGlobalSection
	GlobalSection(ProjectConfigurationPlatforms) = postSolution
		{52B96948-23EF-4CFE-98FA-0441D8957695}.Debug|Any CPU.ActiveCfg = Debug|Any CPU
		{52B96948-23EF-4CFE-98FA-0441D8957695}.Debug|Any CPU.Build.0 = Debug|Any CPU
		{52B96948-23EF-4CFE-98FA-0441D8957695}.Release|Any CPU.ActiveCfg = Release|Any CPU
		{52B96948-23EF-4CFE-98FA-0441D8957695}.Release|Any CPU.Build.0 = Release|Any CPU
	EndGlobalSection
EndGlobal
